
Microsoft Visual Studio Solution File, Format Version 12.00
# Visual Studio Version 16
VisualStudioVersion = 16.0.28803.452
MinimumVisualStudioVersion = 10.0.40219.1
Project("{9A19103F-16F7-4668-BE54-9A1E7A4F7556}") = "TodoApi", "TodoApi.csproj", "{BC0605A9-42CF-402C-8151-065E8F78564A}"
EndProject
Global
	GlobalSection(SolutionConfigurationPlatforms) = preSolution
		Debug|Any CPU = Debug|Any CPU
		Release|Any CPU = Release|Any CPU
	EndGlobalSection
	GlobalSection(ProjectConfigurationPlatforms) = postSolution
		{BC0605A9-42CF-402C-8151-065E8F78564A}.Debug|Any CPU.ActiveCfg = Debug|Any CPU
		{BC0605A9-42CF-402C-8151-065E8F78564A}.Debug|Any CPU.Build.0 = Debug|Any CPU
		{BC0605A9-42CF-402C-8151-065E8F78564A}.Release|Any CPU.ActiveCfg = Release|Any CPU
		{BC0605A9-42CF-402C-8151-065E8F78564A}.Release|Any CPU.Build.0 = Release|Any CPU
	EndGlobalSection
	GlobalSection(SolutionProperties) = preSolution
		HideSolutionNode = FALSE
	EndGlobalSection
	GlobalSection(ExtensibilityGlobals) = postSolution
		SolutionGuid = {A3415D31-28ED-47AF-A653-2E638E9B8C5D}
	EndGlobalSection
EndGlobal
